
Microsoft Visual Studio Solution File, Format Version 12.00
# Visual Studio Version 16
VisualStudioVersion = 16.0.31702.278
MinimumVisualStudioVersion = 10.0.40219.1
Project("{FAE04EC0-301F-11D3-BF4B-00C04F79EFBC}") = "State", "State\State.csproj", "{546A694B-2957-41C7-9147-080A607D95BC}"
EndProject
Global
	GlobalSection(SolutionConfigurationPlatforms) = preSolution
		Debug|Any CPU = Debug|Any CPU
		Release|Any CPU = Release|Any CPU
	EndGlobalSection
	GlobalSection(ProjectConfigurationPlatforms) = postSolution
		{546A694B-2957-41C7-9147-080A607D95BC}.Debug|Any CPU.ActiveCfg = Debug|Any CPU
		{546A694B-2957-41C7-9147-080A607D95BC}.Debug|Any CPU.Build.0 = Debug|Any CPU
		{546A694B-2957-41C7-9147-080A607D95BC}.Release|Any CPU.ActiveCfg = Release|Any CPU
		{546A694B-2957-41C7-9147-080A607D95BC}.Release|Any CPU.Build.0 = Release|Any CPU
	EndGlobalSection
	GlobalSection(SolutionProperties) = preSolution
		HideSolutionNode = FALSE
	EndGlobalSection
	GlobalSection(ExtensibilityGlobals) = postSolution
		SolutionGuid = {1FF3258E-F6EC-479C-A110-AED1CF3F65C7}
	EndGlobalSection
EndGlobal
